
Microsoft Visual Studio Solution File, Format Version 12.00
# Visual Studio Version 17
VisualStudioVersion = 17.1.32319.34
MinimumVisualStudioVersion = 10.0.40219.1
Project("{FAE04EC0-301F-11D3-BF4B-00C04F79EFBC}") = "PTTK2", "PTTK2\PTTK2.csproj", "{58810767-08F6-4E48-9195-0EFF61A459EE}"
EndProject
Global
	GlobalSection(SolutionConfigurationPlatforms) = preSolution
		Debug|Any CPU = Debug|Any CPU
		Release|Any CPU = Release|Any CPU
	EndGlobalSection
	GlobalSection(ProjectConfigurationPlatforms) = postSolution
		{58810767-08F6-4E48-9195-0EFF61A459EE}.Debug|Any CPU.ActiveCfg = Debug|Any CPU
		{58810767-08F6-4E48-9195-0EFF61A459EE}.Debug|Any CPU.Build.0 = Debug|Any CPU
		{58810767-08F6-4E48-9195-0EFF61A459EE}.Release|Any CPU.ActiveCfg = Release|Any CPU
		{58810767-08F6-4E48-9195-0EFF61A459EE}.Release|Any CPU.Build.0 = Release|Any CPU
	EndGlobalSection
	GlobalSection(SolutionProperties) = preSolution
		HideSolutionNode = FALSE
	EndGlobalSection
	GlobalSection(ExtensibilityGlobals) = postSolution
		SolutionGuid = {30BBC5AC-2D2A-45F7-B860-31A614B45293}
	EndGlobalSection
EndGlobal
